
Microsoft Visual Studio Solution File, Format Version 12.00
# Visual Studio Version 16
VisualStudioVersion = 16.0.31320.298
MinimumVisualStudioVersion = 10.0.40219.1
Project("{9A19103F-16F7-4668-BE54-9A1E7A4F7556}") = "Salix.RestClient", "Source\Salix.RestClient\Salix.RestClient.csproj", "{5ABD0A6E-A52A-46DF-A1C6-6EB7A4DAAC24}"
EndProject
Project("{FAE04EC0-301F-11D3-BF4B-00C04F79EFBC}") = "RestClient.Tests", "Source\RestClient.Tests\RestClient.Tests.csproj", "{9D106FC9-017B-4141-A120-F8743FDC6000}"
EndProject
Global
	GlobalSection(SolutionConfigurationPlatforms) = preSolution
		Debug|Any CPU = Debug|Any CPU
		Release|Any CPU = Release|Any CPU
	EndGlobalSection
	GlobalSection(ProjectConfigurationPlatforms) = postSolution
		{5ABD0A6E-A52A-46DF-A1C6-6EB7A4DAAC24}.Debug|Any CPU.ActiveCfg = Debug|Any CPU
		{5ABD0A6E-A52A-46DF-A1C6-6EB7A4DAAC24}.Debug|Any CPU.Build.0 = Debug|Any CPU
		{5ABD0A6E-A52A-46DF-A1C6-6EB7A4DAAC24}.Release|Any CPU.ActiveCfg = Release|Any CPU
		{5ABD0A6E-A52A-46DF-A1C6-6EB7A4DAAC24}.Release|Any CPU.Build.0 = Release|Any CPU
		{9D106FC9-017B-4141-A120-F8743FDC6000}.Debug|Any CPU.ActiveCfg = Debug|Any CPU
		{9D106FC9-017B-4141-A120-F8743FDC6000}.Debug|Any CPU.Build.0 = Debug|Any CPU
		{9D106FC9-017B-4141-A120-F8743FDC6000}.Release|Any CPU.ActiveCfg = Release|Any CPU
		{9D106FC9-017B-4141-A120-F8743FDC6000}.Release|Any CPU.Build.0 = Release|Any CPU
	EndGlobalSection
	GlobalSection(SolutionProperties) = preSolution
		HideSolutionNode = FALSE
	EndGlobalSection
	GlobalSection(ExtensibilityGlobals) = postSolution
		SolutionGuid = {D8ECFD65-F32F-46DF-AC88-603BF5744BF6}
	EndGlobalSection
EndGlobal
